
Microsoft Visual Studio Solution File, Format Version 12.00
# Visual Studio 15
VisualStudioVersion = 15.0.28307.168
MinimumVisualStudioVersion = 10.0.40219.1
Project("{FAE04EC0-301F-11D3-BF4B-00C04F79EFBC}") = "Bankom", "Bankom\Bankom.csproj", "{A5D644D5-B48D-48DA-BAA6-076F5740B4E4}"
EndProject
Global
	GlobalSection(SubversionScc) = preSolution
		Svn-Managed = True
		Manager = AnkhSVN - Subversion Support for Visual Studio
	EndGlobalSection
	GlobalSection(SolutionConfigurationPlatforms) = preSolution
		Debug|Any CPU = Debug|Any CPU
		DebugLocal|Any CPU = DebugLocal|Any CPU
		Release|Any CPU = Release|Any CPU
	EndGlobalSection
	GlobalSection(ProjectConfigurationPlatforms) = postSolution
		{A5D644D5-B48D-48DA-BAA6-076F5740B4E4}.Debug|Any CPU.ActiveCfg = Debug|Any CPU
		{A5D644D5-B48D-48DA-BAA6-076F5740B4E4}.Debug|Any CPU.Build.0 = Debug|Any CPU
		{A5D644D5-B48D-48DA-BAA6-076F5740B4E4}.DebugLocal|Any CPU.ActiveCfg = Debug|Any CPU
		{A5D644D5-B48D-48DA-BAA6-076F5740B4E4}.DebugLocal|Any CPU.Build.0 = Debug|Any CPU
		{A5D644D5-B48D-48DA-BAA6-076F5740B4E4}.Release|Any CPU.ActiveCfg = Release|Any CPU
		{A5D644D5-B48D-48DA-BAA6-076F5740B4E4}.Release|Any CPU.Build.0 = Release|Any CPU
	EndGlobalSection
	GlobalSection(SolutionProperties) = preSolution
		HideSolutionNode = FALSE
	EndGlobalSection
	GlobalSection(ExtensibilityGlobals) = postSolution
		SolutionGuid = {624C083B-2A4C-4139-8C5B-451B0AA6EEF3}
	EndGlobalSection
EndGlobal
